{
  "name": "functions",
  "lockfileVersion": 3,
  "requires": true,
  "packages": {
    "": {
      "dependencies": {
        "shippo": "^2.15.0"
      }
    },
    "node_modules/shippo": {
      "version": "2.15.0",
      "resolved": "https://registry.npmjs.org/shippo/-/shippo-2.15.0.tgz",
      "integrity": "sha512-ND6QT3xSW8tMCkNNGqIbtpuuGR/CqPBa7dyYuHmT1F554LoqA9K24R2iVLC/yXO5LTT2xskbkY/IKUg2RazVFg==",
      "license": "MIT",
      "peerDependencies": {
        "zod": ">= 3"
      }
    },
    "node_modules/zod": {
      "version": "4.1.11",
      "resolved": "https://registry.npmjs.org/zod/-/zod-4.1.11.tgz",
      "integrity": "sha512-WPsqwxITS2tzx1bzhIKsEs19ABD5vmCVa4xBo2tq/SrV4RNZtfws1EnCWQXM6yh8bD08a1idvkB5MZSBiZsjwg==",
      "license": "MIT",
      "peer": true,
      "funding": {
        "url": "https://github.com/sponsors/colinhacks"
      }
    }
  }
}
